// !$*UTF8*$!
{
	archiveVersion = 1;
	classes = {
	};
	objectVersion = 50;
	objects = {

/* Begin PBXBuildFile section */
		18B0BF2E259DB32600E863ED /* ScrumdingerApp.swift in Sources */ = {isa = PBXBuildFile; fileRef = 18B0BF2D259DB32600E863ED /* ScrumdingerApp.swift */; };
		18B0BF30259DB32600E863ED /* MeetingView.swift in Sources */ = {isa = PBXBuildFile; fileRef = 18B0BF2F259DB32600E863ED /* MeetingView.swift */; };
		18B0BF32259DB32800E863ED /* Assets.xcassets in Resources */ = {isa = PBXBuildFile; fileRef = 18B0BF31259DB32800E863ED /* Assets.xcassets */; };
		18B0BF35259DB32800E863ED /* Preview Assets.xcassets in Resources */ = {isa = PBXBuildFile; fileRef = 18B0BF34259DB32800E863ED /* Preview Assets.xcassets */; };
		18B0BF40259DB32900E863ED /* ScrumdingerTests.swift in Sources */ = {isa = PBXBuildFile; fileRef = 18B0BF3F259DB32900E863ED /* ScrumdingerTests.swift */; };
		18B0BF4B259DB32900E863ED /* ScrumdingerUITests.swift in Sources */ = {isa = PBXBuildFile; fileRef = 18B0BF4A259DB32900E863ED /* ScrumdingerUITests.swift */; };
		18B0BF63259DD9B700E863ED /* DailyScrum.swift in Sources */ = {isa = PBXBuildFile; fileRef = 18B0BF62259DD9B700E863ED /* DailyScrum.swift */; };
		18B0BF68259DDB6E00E863ED /* CardView.swift in Sources */ = {isa = PBXBuildFile; fileRef = 18B0BF67259DDB6E00E863ED /* CardView.swift */; };
		18B0BF6F259DE0B900E863ED /* Color+Codable.swift in Sources */ = {isa = PBXBuildFile; fileRef = 18B0BF6E259DE0B900E863ED /* Color+Codable.swift */; };
/* End PBXBuildFile section */

/* Begin PBXContainerItemProxy section */
		18B0BF3C259DB32900E863ED /* PBXContainerItemProxy */ = {
			isa = PBXContainerItemProxy;
			containerPortal = 18B0BF22259DB32500E863ED /* Project object */;
			proxyType = 1;
			remoteGlobalIDString = 18B0BF29259DB32600E863ED;
			remoteInfo = Scrumdinger;
		};
		18B0BF47259DB32900E863ED /* PBXContainerItemProxy */ = {
			isa = PBXContainerItemProxy;
			containerPortal = 18B0BF22259DB32500E863ED /* Project object */;
			proxyType = 1;
			remoteGlobalIDString = 18B0BF29259DB32600E863ED;
			remoteInfo = Scrumdinger;
		};
/* End PBXContainerItemProxy section */

/* Begin PBXFileReference section */
		18B0BF2A259DB32600E863ED /* Scrumdinger.app */ = {isa = PBXFileReference; explicitFileType = wrapper.application; includeInIndex = 0; path = Scrumdinger.app; sourceTree = BUILT_PRODUCTS_DIR; };
		18B0BF2D259DB32600E863ED /* ScrumdingerApp.swift */ = {isa = PBXFileReference; lastKnownFileType = sourcecode.swift; path = ScrumdingerApp.swift; sourceTree = "<group>"; };
		18B0BF2F259DB32600E863ED /* MeetingView.swift */ = {isa = PBXFileReference; lastKnownFileType = sourcecode.swift; path = MeetingView.swift; sourceTree = "<group>"; };
		18B0BF31259DB32800E863ED /* Assets.xcassets */ = {isa = PBXFileReference; lastKnownFileType = folder.assetcatalog; path = Assets.xcassets; sourceTree = "<group>"; };
		18B0BF34259DB32800E863ED /* Preview Assets.xcassets */ = {isa = PBXFileReference; lastKnownFileType = folder.assetcatalog; path = "Preview Assets.xcassets"; sourceTree = "<group>"; };
		18B0BF36259DB32800E863ED /* Info.plist */ = {isa = PBXFileReference; lastKnownFileType = text.plist.xml; path = Info.plist; sourceTree = "<group>"; };
		18B0BF3B259DB32900E863ED /* ScrumdingerTests.xctest */ = {isa = PBXFileReference; explicitFileType = wrapper.cfbundle; includeInIndex = 0; path = ScrumdingerTests.xctest; sourceTree = BUILT_PRODUCTS_DIR; };
		18B0BF3F259DB32900E863ED /* ScrumdingerTests.swift */ = {isa = PBXFileReference; lastKnownFileType = sourcecode.swift; path = ScrumdingerTests.swift; sourceTree = "<group>"; };
		18B0BF41259DB32900E863ED /* Info.plist */ = {isa = PBXFileReference; lastKnownFileType = text.plist.xml; path = Info.plist; sourceTree = "<group>"; };
		18B0BF46259DB32900E863ED /* ScrumdingerUITests.xctest */ = {isa = PBXFileReference; explicitFileType = wrapper.cfbundle; includeInIndex = 0; path = ScrumdingerUITests.xctest; sourceTree = BUILT_PRODUCTS_DIR; };
		18B0BF4A259DB32900E863ED /* ScrumdingerUITests.swift */ = {isa = PBXFileReference; lastKnownFileType = sourcecode.swift; path = ScrumdingerUITests.swift; sourceTree = "<group>"; };
		18B0BF4C259DB32900E863ED /* Info.plist */ = {isa = PBXFileReference; lastKnownFileType = text.plist.xml; path = Info.plist; sourceTree = "<group>"; };
		18B0BF62259DD9B700E863ED /* DailyScrum.swift */ = {isa = PBXFileReference; lastKnownFileType = sourcecode.swift; path = DailyScrum.swift; sourceTree = "<group>"; };
		18B0BF67259DDB6E00E863ED /* CardView.swift */ = {isa = PBXFileReference; lastKnownFileType = sourcecode.swift; path = CardView.swift; sourceTree = "<group>"; };
		18B0BF6E259DE0B900E863ED /* Color+Codable.swift */ = {isa = PBXFileReference; fileEncoding = 4; lastKnownFileType = sourcecode.swift; path = "Color+Codable.swift"; sourceTree = "<group>"; };
/* End PBXFileReference section */

/* Begin PBXFrameworksBuildPhase section */
		18B0BF27259DB32600E863ED /* Frameworks */ = {
			isa = PBXFrameworksBuildPhase;
			buildActionMask = 2147483647;
			files = (
			);
			runOnlyForDeploymentPostprocessing = 0;
		};
		18B0BF38259DB32900E863ED /* Frameworks */ = {
			isa = PBXFrameworksBuildPhase;
			buildActionMask = 2147483647;
			files = (
			);
			runOnlyForDeploymentPostprocessing = 0;
		};
		18B0BF43259DB32900E863ED /* Frameworks */ = {
			isa = PBXFrameworksBuildPhase;
			buildActionMask = 2147483647;
			files = (
			);
			runOnlyForDeploymentPostprocessing = 0;
		};
/* End PBXFrameworksBuildPhase section */

/* Begin PBXGroup section */
		18B0BF21259DB32500E863ED = {
			isa = PBXGroup;
			children = (
				18B0BF2C259DB32600E863ED /* Scrumdinger */,
				18B0BF3E259DB32900E863ED /* ScrumdingerTests */,
				18B0BF49259DB32900E863ED /* ScrumdingerUITests */,
				18B0BF2B259DB32600E863ED /* Products */,
			);
			sourceTree = "<group>";
		};
		18B0BF2B259DB32600E863ED /* Products */ = {
			isa = PBXGroup;
			children = (
				18B0BF2A259DB32600E863ED /* Scrumdinger.app */,
				18B0BF3B259DB32900E863ED /* ScrumdingerTests.xctest */,
				18B0BF46259DB32900E863ED /* ScrumdingerUITests.xctest */,
			);
			name = Products;
			sourceTree = "<group>";
		};
		18B0BF2C259DB32600E863ED /* Scrumdinger */ = {
			isa = PBXGroup;
			children = (
				18B0BF6D259DE09C00E863ED /* Models */,
				18B0BF2D259DB32600E863ED /* ScrumdingerApp.swift */,
				18B0BF2F259DB32600E863ED /* MeetingView.swift */,
				18B0BF67259DDB6E00E863ED /* CardView.swift */,
				18B0BF31259DB32800E863ED /* Assets.xcassets */,
				18B0BF36259DB32800E863ED /* Info.plist */,
				18B0BF33259DB32800E863ED /* Preview Content */,
			);
			path = Scrumdinger;
			sourceTree = "<group>";
		};
		18B0BF33259DB32800E863ED /* Preview Content */ = {
			isa = PBXGroup;
			children = (
				18B0BF34259DB32800E863ED /* Preview Assets.xcassets */,
			);
			path = "Preview Content";
			sourceTree = "<group>";
		};
		18B0BF3E259DB32900E863ED /* ScrumdingerTests */ = {
			isa = PBXGroup;
			children = (
				18B0BF3F259DB32900E863ED /* ScrumdingerTests.swift */,
				18B0BF41259DB32900E863ED /* Info.plist */,
			);
			path = ScrumdingerTests;
			sourceTree = "<group>";
		};
		18B0BF49259DB32900E863ED /* ScrumdingerUITests */ = {
			isa = PBXGroup;
			children = (
				18B0BF4A259DB32900E863ED /* ScrumdingerUITests.swift */,
				18B0BF4C259DB32900E863ED /* Info.plist */,
			);
			path = ScrumdingerUITests;
			sourceTree = "<group>";
		};
		18B0BF6D259DE09C00E863ED /* Models */ = {
			isa = PBXGroup;
			children = (
				18B0BF6E259DE0B900E863ED /* Color+Codable.swift */,
				18B0BF62259DD9B700E863ED /* DailyScrum.swift */,
			);
			path = Models;
			sourceTree = "<group>";
		};
/* End PBXGroup section */

/* Begin PBXNativeTarget section */
		18B0BF29259DB32600E863ED /* Scrumdinger */ = {
			isa = PBXNativeTarget;
			buildConfigurationList = 18B0BF4F259DB32900E863ED /* Build configuration list for PBXNativeTarget "Scrumdinger" */;
			buildPhases = (
				18B0BF26259DB32600E863ED /* Sources */,
				18B0BF27259DB32600E863ED /* Frameworks */,
				18B0BF28259DB32600E863ED /* Resources */,
			);
			buildRules = (
			);
			dependencies = (
			);
			name = Scrumdinger;
			productName = Scrumdinger;
			productReference = 18B0BF2A259DB32600E863ED /* Scrumdinger.app */;
			productType = "com.apple.product-type.application";
		};
		18B0BF3A259DB32900E863ED /* ScrumdingerTests */ = {
			isa = PBXNativeTarget;
			buildConfigurationList = 18B0BF52259DB32900E863ED /* Build configuration list for PBXNativeTarget "ScrumdingerTests" */;
			buildPhases = (
				18B0BF37259DB32900E863ED /* Sources */,
				18B0BF38259DB32900E863ED /* Frameworks */,
				18B0BF39259DB32900E863ED /* Resources */,
			);
			buildRules = (
			);
			dependencies = (
				18B0BF3D259DB32900E863ED /* PBXTargetDependency */,
			);
			name = ScrumdingerTests;
			productName = ScrumdingerTests;
			productReference = 18B0BF3B259DB32900E863ED /* ScrumdingerTests.xctest */;
			productType = "com.apple.product-type.bundle.unit-test";
		};
		18B0BF45259DB32900E863ED /* ScrumdingerUITests */ = {
			isa = PBXNativeTarget;
			buildConfigurationList = 18B0BF55259DB32900E863ED /* Build configuration list for PBXNativeTarget "ScrumdingerUITests" */;
			buildPhases = (
				18B0BF42259DB32900E863ED /* Sources */,
				18B0BF43259DB32900E863ED /* Frameworks */,
				18B0BF44259DB32900E863ED /* Resources */,
			);
			buildRules = (
			);
			dependencies = (
				18B0BF48259DB32900E863ED /* PBXTargetDependency */,
			);
			name = ScrumdingerUITests;
			productName = ScrumdingerUITests;
			productReference = 18B0BF46259DB32900E863ED /* ScrumdingerUITests.xctest */;
			productType = "com.apple.product-type.bundle.ui-testing";
		};
/* End PBXNativeTarget section */

/* Begin PBXProject section */
		18B0BF22259DB32500E863ED /* Project object */ = {
			isa = PBXProject;
			attributes = {
				LastSwiftUpdateCheck = 1220;
				LastUpgradeCheck = 1220;
				TargetAttributes = {
					18B0BF29259DB32600E863ED = {
						CreatedOnToolsVersion = 12.2;
					};
					18B0BF3A259DB32900E863ED = {
						CreatedOnToolsVersion = 12.2;
						TestTargetID = 18B0BF29259DB32600E863ED;
					};
					18B0BF45259DB32900E863ED = {
						CreatedOnToolsVersion = 12.2;
						TestTargetID = 18B0BF29259DB32600E863ED;
					};
				};
			};
			buildConfigurationList = 18B0BF25259DB32500E863ED /* Build configuration list for PBXProject "Scrumdinger" */;
			compatibilityVersion = "Xcode 9.3";
			developmentRegion = en;
			hasScannedForEncodings = 0;
			knownRegions = (
				en,
				Base,
			);
			mainGroup = 18B0BF21259DB32500E863ED;
			productRefGroup = 18B0BF2B259DB32600E863ED /* Products */;
			projectDirPath = "";
			projectRoot = "";
			targets = (
				18B0BF29259DB32600E863ED /* Scrumdinger */,
				18B0BF3A259DB32900E863ED /* ScrumdingerTests */,
				18B0BF45259DB32900E863ED /* ScrumdingerUITests */,
			);
		};
/* End PBXProject section */

/* Begin PBXResourcesBuildPhase section */
		18B0BF28259DB32600E863ED /* Resources */ = {
			isa = PBXResourcesBuildPhase;
			buildActionMask = 2147483647;
			files = (
				18B0BF35259DB32800E863ED /* Preview Assets.xcassets in Resources */,
				18B0BF32259DB32800E863ED /* Assets.xcassets in Resources */,
			);
			runOnlyForDeploymentPostprocessing = 0;
		};
		18B0BF39259DB32900E863ED /* Resources */ = {
			isa = PBXResourcesBuildPhase;
			buildActionMask = 2147483647;
			files = (
			);
			runOnlyForDeploymentPostprocessing = 0;
		};
		18B0BF44259DB32900E863ED /* Resources */ = {
			isa = PBXResourcesBuildPhase;
			buildActionMask = 2147483647;
			files = (
			);
			runOnlyForDeploymentPostprocessing = 0;
		};
/* End PBXResourcesBuildPhase section */

/* Begin PBXSourcesBuildPhase section */
		18B0BF26259DB32600E863ED /* Sources */ = {
			isa = PBXSourcesBuildPhase;
			buildActionMask = 2147483647;
			files = (
				18B0BF30259DB32600E863ED /* MeetingView.swift in Sources */,
				18B0BF63259DD9B700E863ED /* DailyScrum.swift in Sources */,
				18B0BF68259DDB6E00E863ED /* CardView.swift in Sources */,
				18B0BF6F259DE0B900E863ED /* Color+Codable.swift in Sources */,
				18B0BF2E259DB32600E863ED /* ScrumdingerApp.swift in Sources */,
			);
			runOnlyForDeploymentPostprocessing = 0;
		};
		18B0BF37259DB32900E863ED /* Sources */ = {
			isa = PBXSourcesBuildPhase;
			buildActionMask = 2147483647;
			files = (
				18B0BF40259DB32900E863ED /* ScrumdingerTests.swift in Sources */,
			);
			runOnlyForDeploymentPostprocessing = 0;
		};
		18B0BF42259DB32900E863ED /* Sources */ = {
			isa = PBXSourcesBuildPhase;
			buildActionMask = 2147483647;
			files = (
				18B0BF4B259DB32900E863ED /* ScrumdingerUITests.swift in Sources */,
			);
			runOnlyForDeploymentPostprocessing = 0;
		};
/* End PBXSourcesBuildPhase section */

/* Begin PBXTargetDependency section */
		18B0BF3D259DB32900E863ED /* PBXTargetDependency */ = {
			isa = PBXTargetDependency;
			target = 18B0BF29259DB32600E863ED /* Scrumdinger */;
			targetProxy = 18B0BF3C259DB32900E863ED /* PBXContainerItemProxy */;
		};
		18B0BF48259DB32900E863ED /* PBXTargetDependency */ = {
			isa = PBXTargetDependency;
			target = 18B0BF29259DB32600E863ED /* Scrumdinger */;
			targetProxy = 18B0BF47259DB32900E863ED /* PBXContainerItemProxy */;
		};
/* End PBXTargetDependency section */

/* Begin XCBuildConfiguration section */
		18B0BF4D259DB32900E863ED /* Debug */ = {
			isa = XCBuildConfiguration;
			buildSettings = {
				ALWAYS_SEARCH_USER_PATHS = NO;
				CLANG_ANALYZER_NONNULL = YES;
				CLANG_ANALYZER_NUMBER_OBJECT_CONVERSION = YES_AGGRESSIVE;
				CLANG_CXX_LANGUAGE_STANDARD = "gnu++14";
				CLANG_CXX_LIBRARY = "libc++";
				CLANG_ENABLE_MODULES = YES;
				CLANG_ENABLE_OBJC_ARC = YES;
				CLANG_ENABLE_OBJC_WEAK = YES;
				CLANG_WARN_BLOCK_CAPTURE_AUTORELEASING = YES;
				CLANG_WARN_BOOL_CONVERSION = YES;
				CLANG_WARN_COMMA = YES;
				CLANG_WARN_CONSTANT_CONVERSION = YES;
				CLANG_WARN_DEPRECATED_OBJC_IMPLEMENTATIONS = YES;
				CLANG_WARN_DIRECT_OBJC_ISA_USAGE = YES_ERROR;
				CLANG_WARN_DOCUMENTATION_COMMENTS = YES;
				CLANG_WARN_EMPTY_BODY = YES;
				CLANG_WARN_ENUM_CONVERSION = YES;
				CLANG_WARN_INFINITE_RECURSION = YES;
				CLANG_WARN_INT_CONVERSION = YES;
				CLANG_WARN_NON_LITERAL_NULL_CONVERSION = YES;
				CLANG_WARN_OBJC_IMPLICIT_RETAIN_SELF = YES;
				CLANG_WARN_OBJC_LITERAL_CONVERSION = YES;
				CLANG_WARN_OBJC_ROOT_CLASS = YES_ERROR;
				CLANG_WARN_QUOTED_INCLUDE_IN_FRAMEWORK_HEADER = YES;
				CLANG_WARN_RANGE_LOOP_ANALYSIS = YES;
				CLANG_WARN_STRICT_PROTOTYPES = YES;
				CLANG_WARN_SUSPICIOUS_MOVE = YES;
				CLANG_WARN_UNGUARDED_AVAILABILITY = YES_AGGRESSIVE;
				CLANG_WARN_UNREACHABLE_CODE = YES;
				CLANG_WARN__DUPLICATE_METHOD_MATCH = YES;
				COPY_PHASE_STRIP = NO;
				DEBUG_INFORMATION_FORMAT = dwarf;
				ENABLE_STRICT_OBJC_MSGSEND = YES;
				ENABLE_TESTABILITY = YES;
				GCC_C_LANGUAGE_STANDARD = gnu11;
				GCC_DYNAMIC_NO_PIC = NO;
				GCC_NO_COMMON_BLOCKS = YES;
				GCC_OPTIMIZATION_LEVEL = 0;
				GCC_PREPROCESSOR_DEFINITIONS = (
					"DEBUG=1",
					"$(inherited)",
				);
				GCC_WARN_64_TO_32_BIT_CONVERSION = YES;
				GCC_WARN_ABOUT_RETURN_TYPE = YES_ERROR;
				GCC_WARN_UNDECLARED_SELECTOR = YES;
				GCC_WARN_UNINITIALIZED_AUTOS = YES_AGGRESSIVE;
				GCC_WARN_UNUSED_FUNCTION = YES;
				GCC_WARN_UNUSED_VARIABLE = YES;
				IPHONEOS_DEPLOYMENT_TARGET = 14.2;
				MTL_ENABLE_DEBUG_INFO = INCLUDE_SOURCE;
				MTL_FAST_MATH = YES;
				ONLY_ACTIVE_ARCH = YES;
				SDKROOT = iphoneos;
				SWIFT_ACTIVE_COMPILATION_CONDITIONS = DEBUG;
				SWIFT_OPTIMIZATION_LEVEL = "-Onone";
			};
			name = Debug;
		};
		18B0BF4E259DB32900E863ED /* Release */ = {
			isa = XCBuildConfiguration;
			buildSettings = {
				ALWAYS_SEARCH_USER_PATHS = NO;
				CLANG_ANALYZER_NONNULL = YES;
				CLANG_ANALYZER_NUMBER_OBJECT_CONVERSION = YES_AGGRESSIVE;
				CLANG_CXX_LANGUAGE_STANDARD = "gnu++14";
				CLANG_CXX_LIBRARY = "libc++";
				CLANG_ENABLE_MODULES = YES;
				CLANG_ENABLE_OBJC_ARC = YES;
				CLANG_ENABLE_OBJC_WEAK = YES;
				CLANG_WARN_BLOCK_CAPTURE_AUTORELEASING = YES;
				CLANG_WARN_BOOL_CONVERSION = YES;
				CLANG_WARN_COMMA = YES;
				CLANG_WARN_CONSTANT_CONVERSION = YES;
				CLANG_WARN_DEPRECATED_OBJC_IMPLEMENTATIONS = YES;
				CLANG_WARN_DIRECT_OBJC_ISA_USAGE = YES_ERROR;
				CLANG_WARN_DOCUMENTATION_COMMENTS = YES;
				CLANG_WARN_EMPTY_BODY = YES;
				CLANG_WARN_ENUM_CONVERSION = YES;
				CLANG_WARN_INFINITE_RECURSION = YES;
				CLANG_WARN_INT_CONVERSION = YES;
				CLANG_WARN_NON_LITERAL_NULL_CONVERSION = YES;
				CLANG_WARN_OBJC_IMPLICIT_RETAIN_SELF = YES;
				CLANG_WARN_OBJC_LITERAL_CONVERSION = YES;
				CLANG_WARN_OBJC_ROOT_CLASS = YES_ERROR;
				CLANG_WARN_QUOTED_INCLUDE_IN_FRAMEWORK_HEADER = YES;
				CLANG_WARN_RANGE_LOOP_ANALYSIS = YES;
				CLANG_WARN_STRICT_PROTOTYPES = YES;
				CLANG_WARN_SUSPICIOUS_MOVE = YES;
				CLANG_WARN_UNGUARDED_AVAILABILITY = YES_AGGRESSIVE;
				CLANG_WARN_UNREACHABLE_CODE = YES;
				CLANG_WARN__DUPLICATE_METHOD_MATCH = YES;
				COPY_PHASE_STRIP = NO;
				DEBUG_INFORMATION_FORMAT = "dwarf-with-dsym";
				ENABLE_NS_ASSERTIONS = NO;
				ENABLE_STRICT_OBJC_MSGSEND = YES;
				GCC_C_LANGUAGE_STANDARD = gnu11;
				GCC_NO_COMMON_BLOCKS = YES;
				GCC_WARN_64_TO_32_BIT_CONVERSION = YES;
				GCC_WARN_ABOUT_RETURN_TYPE = YES_ERROR;
				GCC_WARN_UNDECLARED_SELECTOR = YES;
				GCC_WARN_UNINITIALIZED_AUTOS = YES_AGGRESSIVE;
				GCC_WARN_UNUSED_FUNCTION = YES;
				GCC_WARN_UNUSED_VARIABLE = YES;
				IPHONEOS_DEPLOYMENT_TARGET = 14.2;
				MTL_ENABLE_DEBUG_INFO = NO;
				MTL_FAST_MATH = YES;
				SDKROOT = iphoneos;
				SWIFT_COMPILATION_MODE = wholemodule;
				SWIFT_OPTIMIZATION_LEVEL = "-O";
				VALIDATE_PRODUCT = YES;
			};
			name = Release;
		};
		18B0BF50259DB32900E863ED /* Debug */ = {
			isa = XCBuildConfiguration;
			buildSettings = {
				ASSETCATALOG_COMPILER_APPICON_NAME = AppIcon;
				ASSETCATALOG_COMPILER_GLOBAL_ACCENT_COLOR_NAME = AccentColor;
				CODE_SIGN_STYLE = Automatic;
				DEVELOPMENT_ASSET_PATHS = "\"Scrumdinger/Preview Content\"";
				ENABLE_PREVIEWS = YES;
				INFOPLIST_FILE = Scrumdinger/Info.plist;
				IPHONEOS_DEPLOYMENT_TARGET = 14.0;
				LD_RUNPATH_SEARCH_PATHS = (
					"$(inherited)",
					"@executable_path/Frameworks",
				);
				PRODUCT_BUNDLE_IDENTIFIER = com.jailbreak.Scrumdinger;
				PRODUCT_NAME = "$(TARGET_NAME)";
				SWIFT_VERSION = 5.0;
				TARGETED_DEVICE_FAMILY = "1,2";
			};
			name = Debug;
		};
		18B0BF51259DB32900E863ED /* Release */ = {
			isa = XCBuildConfiguration;
			buildSettings = {
				ASSETCATALOG_COMPILER_APPICON_NAME = AppIcon;
				ASSETCATALOG_COMPILER_GLOBAL_ACCENT_COLOR_NAME = AccentColor;
				CODE_SIGN_STYLE = Automatic;
				DEVELOPMENT_ASSET_PATHS = "\"Scrumdinger/Preview Content\"";
				ENABLE_PREVIEWS = YES;
				INFOPLIST_FILE = Scrumdinger/Info.plist;
				IPHONEOS_DEPLOYMENT_TARGET = 14.0;
				LD_RUNPATH_SEARCH_PATHS = (
					"$(inherited)",
					"@executable_path/Frameworks",
				);
				PRODUCT_BUNDLE_IDENTIFIER = com.jailbreak.Scrumdinger;
				PRODUCT_NAME = "$(TARGET_NAME)";
				SWIFT_VERSION = 5.0;
				TARGETED_DEVICE_FAMILY = "1,2";
			};
			name = Release;
		};
		18B0BF53259DB32900E863ED /* Debug */ = {
			isa = XCBuildConfiguration;
			buildSettings = {
				ALWAYS_EMBED_SWIFT_STANDARD_LIBRARIES = YES;
				BUNDLE_LOADER = "$(TEST_HOST)";
				CODE_SIGN_STYLE = Automatic;
				INFOPLIST_FILE = ScrumdingerTests/Info.plist;
				IPHONEOS_DEPLOYMENT_TARGET = 14.0;
				LD_RUNPATH_SEARCH_PATHS = (
					"$(inherited)",
					"@executable_path/Frameworks",
					"@loader_path/Frameworks",
				);
				PRODUCT_BUNDLE_IDENTIFIER = com.jailbreak.ScrumdingerTests;
				PRODUCT_NAME = "$(TARGET_NAME)";
				SWIFT_VERSION = 5.0;
				TARGETED_DEVICE_FAMILY = "1,2";
				TEST_HOST = "$(BUILT_PRODUCTS_DIR)/Scrumdinger.app/Scrumdinger";
			};
			name = Debug;
		};
		18B0BF54259DB32900E863ED /* Release */ = {
			isa = XCBuildConfiguration;
			buildSettings = {
				ALWAYS_EMBED_SWIFT_STANDARD_LIBRARIES = YES;
				BUNDLE_LOADER = "$(TEST_HOST)";
				CODE_SIGN_STYLE = Automatic;
				INFOPLIST_FILE = ScrumdingerTests/Info.plist;
				IPHONEOS_DEPLOYMENT_TARGET = 14.0;
				LD_RUNPATH_SEARCH_PATHS = (
					"$(inherited)",
					"@executable_path/Frameworks",
					"@loader_path/Frameworks",
				);
				PRODUCT_BUNDLE_IDENTIFIER = com.jailbreak.ScrumdingerTests;
				PRODUCT_NAME = "$(TARGET_NAME)";
				SWIFT_VERSION = 5.0;
				TARGETED_DEVICE_FAMILY = "1,2";
				TEST_HOST = "$(BUILT_PRODUCTS_DIR)/Scrumdinger.app/Scrumdinger";
			};
			name = Release;
		};
		18B0BF56259DB32900E863ED /* Debug */ = {
			isa = XCBuildConfiguration;
			buildSettings = {
				ALWAYS_EMBED_SWIFT_STANDARD_LIBRARIES = YES;
				CODE_SIGN_STYLE = Automatic;
				INFOPLIST_FILE = ScrumdingerUITests/Info.plist;
				LD_RUNPATH_SEARCH_PATHS = (
					"$(inherited)",
					"@executable_path/Frameworks",
					"@loader_path/Frameworks",
				);
				PRODUCT_BUNDLE_IDENTIFIER = com.jailbreak.ScrumdingerUITests;
				PRODUCT_NAME = "$(TARGET_NAME)";
				SWIFT_VERSION = 5.0;
				TARGETED_DEVICE_FAMILY = "1,2";
				TEST_TARGET_NAME = Scrumdinger;
			};
			name = Debug;
		};
		18B0BF57259DB32900E863ED /* Release */ = {
			isa = XCBuildConfiguration;
			buildSettings = {
				ALWAYS_EMBED_SWIFT_STANDARD_LIBRARIES = YES;
				CODE_SIGN_STYLE = Automatic;
				INFOPLIST_FILE = ScrumdingerUITests/Info.plist;
				LD_RUNPATH_SEARCH_PATHS = (
					"$(inherited)",
					"@executable_path/Frameworks",
					"@loader_path/Frameworks",
				);
				PRODUCT_BUNDLE_IDENTIFIER = com.jailbreak.ScrumdingerUITests;
				PRODUCT_NAME = "$(TARGET_NAME)";
				SWIFT_VERSION = 5.0;
				TARGETED_DEVICE_FAMILY = "1,2";
				TEST_TARGET_NAME = Scrumdinger;
			};
			name = Release;
		};
/* End XCBuildConfiguration section */

/* Begin XCConfigurationList section */
		18B0BF25259DB32500E863ED /* Build configuration list for PBXProject "Scrumdinger" */ = {
			isa = XCConfigurationList;
			buildConfigurations = (
				18B0BF4D259DB32900E863ED /* Debug */,
				18B0BF4E259DB32900E863ED /* Release */,
			);
			defaultConfigurationIsVisible = 0;
			defaultConfigurationName = Release;
		};
		18B0BF4F259DB32900E863ED /* Build configuration list for PBXNativeTarget "Scrumdinger" */ = {
			isa = XCConfigurationList;
			buildConfigurations = (
				18B0BF50259DB32900E863ED /* Debug */,
				18B0BF51259DB32900E863ED /* Release */,
			);
			defaultConfigurationIsVisible = 0;
			defaultConfigurationName = Release;
		};
		18B0BF52259DB32900E863ED /* Build configuration list for PBXNativeTarget "ScrumdingerTests" */ = {
			isa = XCConfigurationList;
			buildConfigurations = (
				18B0BF53259DB32900E863ED /* Debug */,
				18B0BF54259DB32900E863ED /* Release */,
			);
			defaultConfigurationIsVisible = 0;
			defaultConfigurationName = Release;
		};
		18B0BF55259DB32900E863ED /* Build configuration list for PBXNativeTarget "ScrumdingerUITests" */ = {
			isa = XCConfigurationList;
			buildConfigurations = (
				18B0BF56259DB32900E863ED /* Debug */,
				18B0BF57259DB32900E863ED /* Release */,
			);
			defaultConfigurationIsVisible = 0;
			defaultConfigurationName = Release;
		};
/* End XCConfigurationList section */
	};
	rootObject = 18B0BF22259DB32500E863ED /* Project object */;
}
